
Microsoft Visual Studio Solution File, Format Version 12.00
# Visual Studio Version 17
VisualStudioVersion = 17.1.32210.238
MinimumVisualStudioVersion = 10.0.40219.1
Project("{FAE04EC0-301F-11D3-BF4B-00C04F79EFBC}") = "pharmacie logecial", "pharmacie logecial\pharmacie logecial.csproj", "{2B060A21-CF9D-4447-B923-DB943C21769C}"
EndProject
Global
	GlobalSection(SolutionConfigurationPlatforms) = preSolution
		Debug|Any CPU = Debug|Any CPU
		Release|Any CPU = Release|Any CPU
	EndGlobalSection
	GlobalSection(ProjectConfigurationPlatforms) = postSolution
		{2B060A21-CF9D-4447-B923-DB943C21769C}.Debug|Any CPU.ActiveCfg = Debug|Any CPU
		{2B060A21-CF9D-4447-B923-DB943C21769C}.Debug|Any CPU.Build.0 = Debug|Any CPU
		{2B060A21-CF9D-4447-B923-DB943C21769C}.Release|Any CPU.ActiveCfg = Release|Any CPU
		{2B060A21-CF9D-4447-B923-DB943C21769C}.Release|Any CPU.Build.0 = Release|Any CPU
	EndGlobalSection
	GlobalSection(SolutionProperties) = preSolution
		HideSolutionNode = FALSE
	EndGlobalSection
	GlobalSection(ExtensibilityGlobals) = postSolution
		SolutionGuid = {A5A6D95A-18A3-4C18-998C-DC57C5D9AE5B}
	EndGlobalSection
EndGlobal
